
Microsoft Visual Studio Solution File, Format Version 12.00
# Visual Studio Version 16
VisualStudioVersion = 16.0.30621.155
MinimumVisualStudioVersion = 10.0.40219.1
Project("{9A19103F-16F7-4668-BE54-9A1E7A4F7556}") = "ValueLabtestTests", "ValueLabtestTests\ValueLabtestTests.csproj", "{53495F38-8DC6-451F-846C-DAD6B737DFC3}"
EndProject
Project("{9A19103F-16F7-4668-BE54-9A1E7A4F7556}") = "ValueLabtest", "ValueLabtest\ValueLabtest.csproj", "{5C34ECB7-CA1B-4809-998F-C4FB9FD04D3F}"
EndProject
Global
	GlobalSection(SolutionConfigurationPlatforms) = preSolution
		Debug|Any CPU = Debug|Any CPU
		Release|Any CPU = Release|Any CPU
	EndGlobalSection
	GlobalSection(ProjectConfigurationPlatforms) = postSolution
		{53495F38-8DC6-451F-846C-DAD6B737DFC3}.Debug|Any CPU.ActiveCfg = Debug|Any CPU
		{53495F38-8DC6-451F-846C-DAD6B737DFC3}.Debug|Any CPU.Build.0 = Debug|Any CPU
		{53495F38-8DC6-451F-846C-DAD6B737DFC3}.Release|Any CPU.ActiveCfg = Release|Any CPU
		{53495F38-8DC6-451F-846C-DAD6B737DFC3}.Release|Any CPU.Build.0 = Release|Any CPU
		{5C34ECB7-CA1B-4809-998F-C4FB9FD04D3F}.Debug|Any CPU.ActiveCfg = Debug|Any CPU
		{5C34ECB7-CA1B-4809-998F-C4FB9FD04D3F}.Debug|Any CPU.Build.0 = Debug|Any CPU
		{5C34ECB7-CA1B-4809-998F-C4FB9FD04D3F}.Release|Any CPU.ActiveCfg = Release|Any CPU
		{5C34ECB7-CA1B-4809-998F-C4FB9FD04D3F}.Release|Any CPU.Build.0 = Release|Any CPU
	EndGlobalSection
	GlobalSection(SolutionProperties) = preSolution
		HideSolutionNode = FALSE
	EndGlobalSection
	GlobalSection(ExtensibilityGlobals) = postSolution
		SolutionGuid = {573A2ABE-7842-478A-A2A8-A58115B3D7E3}
	EndGlobalSection
EndGlobal
